// !$*UTF8*$!
{
	archiveVersion = 1;
	classes = {
	};
	objectVersion = 50;
	objects = {

/* Begin PBXBuildFile section */
		C4F0C7D324604B1F003E7B45 /* AppDelegate.swift in Sources */ = {isa = PBXBuildFile; fileRef = C4F0C7D224604B1F003E7B45 /* AppDelegate.swift */; };
		C4F0C7D524604B1F003E7B45 /* SceneDelegate.swift in Sources */ = {isa = PBXBuildFile; fileRef = C4F0C7D424604B1F003E7B45 /* SceneDelegate.swift */; };
		C4F0C7D724604B1F003E7B45 /* ViewController.swift in Sources */ = {isa = PBXBuildFile; fileRef = C4F0C7D624604B1F003E7B45 /* ViewController.swift */; };
		C4F0C7DA24604B1F003E7B45 /* Main.storyboard in Resources */ = {isa = PBXBuildFile; fileRef = C4F0C7D824604B1F003E7B45 /* Main.storyboard */; };
		C4F0C7DC24604B22003E7B45 /* Assets.xcassets in Resources */ = {isa = PBXBuildFile; fileRef = C4F0C7DB24604B22003E7B45 /* Assets.xcassets */; };
		C4F0C7DF24604B22003E7B45 /* LaunchScreen.storyboard in Resources */ = {isa = PBXBuildFile; fileRef = C4F0C7DD24604B22003E7B45 /* LaunchScreen.storyboard */; };
		C4F0C7F524604B7C003E7B45 /* User.swift in Sources */ = {isa = PBXBuildFile; fileRef = C4F0C7F424604B7C003E7B45 /* User.swift */; };
		C4F0C7F724604C60003E7B45 /* Request.swift in Sources */ = {isa = PBXBuildFile; fileRef = C4F0C7F624604C60003E7B45 /* Request.swift */; };
		C4F0C7FF24604DC6003E7B45 /* NetworkDemoTests.swift in Sources */ = {isa = PBXBuildFile; fileRef = C4F0C7FE24604DC6003E7B45 /* NetworkDemoTests.swift */; };
		C4F0C80724604E62003E7B45 /* user:tango in Resources */ = {isa = PBXBuildFile; fileRef = C4F0C80624604E62003E7B45 /* user:tango */; };
		C4F0C80924605B60003E7B45 /* NetworkEngine.swift in Sources */ = {isa = PBXBuildFile; fileRef = C4F0C80824605B60003E7B45 /* NetworkEngine.swift */; };
		C4F0C80B24605C40003E7B45 /* DataLoader.swift in Sources */ = {isa = PBXBuildFile; fileRef = C4F0C80A24605C40003E7B45 /* DataLoader.swift */; };
/* End PBXBuildFile section */

/* Begin PBXContainerItemProxy section */
		C4F0C80124604DC6003E7B45 /* PBXContainerItemProxy */ = {
			isa = PBXContainerItemProxy;
			containerPortal = C4F0C7C724604B1F003E7B45 /* Project object */;
			proxyType = 1;
			remoteGlobalIDString = C4F0C7CE24604B1F003E7B45;
			remoteInfo = NetworkDemo;
		};
/* End PBXContainerItemProxy section */

/* Begin PBXFileReference section */
		C4F0C7CF24604B1F003E7B45 /* NetworkDemo.app */ = {isa = PBXFileReference; explicitFileType = wrapper.application; includeInIndex = 0; path = NetworkDemo.app; sourceTree = BUILT_PRODUCTS_DIR; };
		C4F0C7D224604B1F003E7B45 /* AppDelegate.swift */ = {isa = PBXFileReference; lastKnownFileType = sourcecode.swift; path = AppDelegate.swift; sourceTree = "<group>"; };
		C4F0C7D424604B1F003E7B45 /* SceneDelegate.swift */ = {isa = PBXFileReference; lastKnownFileType = sourcecode.swift; path = SceneDelegate.swift; sourceTree = "<group>"; };
		C4F0C7D624604B1F003E7B45 /* ViewController.swift */ = {isa = PBXFileReference; lastKnownFileType = sourcecode.swift; path = ViewController.swift; sourceTree = "<group>"; };
		C4F0C7D924604B1F003E7B45 /* Base */ = {isa = PBXFileReference; lastKnownFileType = file.storyboard; name = Base; path = Base.lproj/Main.storyboard; sourceTree = "<group>"; };
		C4F0C7DB24604B22003E7B45 /* Assets.xcassets */ = {isa = PBXFileReference; lastKnownFileType = folder.assetcatalog; path = Assets.xcassets; sourceTree = "<group>"; };
		C4F0C7DE24604B22003E7B45 /* Base */ = {isa = PBXFileReference; lastKnownFileType = file.storyboard; name = Base; path = Base.lproj/LaunchScreen.storyboard; sourceTree = "<group>"; };
		C4F0C7E024604B22003E7B45 /* Info.plist */ = {isa = PBXFileReference; lastKnownFileType = text.plist.xml; path = Info.plist; sourceTree = "<group>"; };
		C4F0C7F424604B7C003E7B45 /* User.swift */ = {isa = PBXFileReference; lastKnownFileType = sourcecode.swift; path = User.swift; sourceTree = "<group>"; };
		C4F0C7F624604C60003E7B45 /* Request.swift */ = {isa = PBXFileReference; lastKnownFileType = sourcecode.swift; path = Request.swift; sourceTree = "<group>"; };
		C4F0C7FC24604DC6003E7B45 /* NetworkDemoTests.xctest */ = {isa = PBXFileReference; explicitFileType = wrapper.cfbundle; includeInIndex = 0; path = NetworkDemoTests.xctest; sourceTree = BUILT_PRODUCTS_DIR; };
		C4F0C7FE24604DC6003E7B45 /* NetworkDemoTests.swift */ = {isa = PBXFileReference; lastKnownFileType = sourcecode.swift; path = NetworkDemoTests.swift; sourceTree = "<group>"; };
		C4F0C80024604DC6003E7B45 /* Info.plist */ = {isa = PBXFileReference; lastKnownFileType = text.plist.xml; path = Info.plist; sourceTree = "<group>"; };
		C4F0C80624604E62003E7B45 /* user:tango */ = {isa = PBXFileReference; lastKnownFileType = text; path = "user:tango"; sourceTree = "<group>"; };
		C4F0C80824605B60003E7B45 /* NetworkEngine.swift */ = {isa = PBXFileReference; lastKnownFileType = sourcecode.swift; path = NetworkEngine.swift; sourceTree = "<group>"; };
		C4F0C80A24605C40003E7B45 /* DataLoader.swift */ = {isa = PBXFileReference; lastKnownFileType = sourcecode.swift; path = DataLoader.swift; sourceTree = "<group>"; };
/* End PBXFileReference section */

/* Begin PBXFrameworksBuildPhase section */
		C4F0C7CC24604B1F003E7B45 /* Frameworks */ = {
			isa = PBXFrameworksBuildPhase;
			buildActionMask = 2147483647;
			files = (
			);
			runOnlyForDeploymentPostprocessing = 0;
		};
		C4F0C7F924604DC6003E7B45 /* Frameworks */ = {
			isa = PBXFrameworksBuildPhase;
			buildActionMask = 2147483647;
			files = (
			);
			runOnlyForDeploymentPostprocessing = 0;
		};
/* End PBXFrameworksBuildPhase section */

/* Begin PBXGroup section */
		C4F0C7C624604B1F003E7B45 = {
			isa = PBXGroup;
			children = (
				C4F0C7D124604B1F003E7B45 /* NetworkDemo */,
				C4F0C7FD24604DC6003E7B45 /* NetworkDemoTests */,
				C4F0C7D024604B1F003E7B45 /* Products */,
			);
			sourceTree = "<group>";
		};
		C4F0C7D024604B1F003E7B45 /* Products */ = {
			isa = PBXGroup;
			children = (
				C4F0C7CF24604B1F003E7B45 /* NetworkDemo.app */,
				C4F0C7FC24604DC6003E7B45 /* NetworkDemoTests.xctest */,
			);
			name = Products;
			sourceTree = "<group>";
		};
		C4F0C7D124604B1F003E7B45 /* NetworkDemo */ = {
			isa = PBXGroup;
			children = (
				C4F0C7D224604B1F003E7B45 /* AppDelegate.swift */,
				C4F0C7D424604B1F003E7B45 /* SceneDelegate.swift */,
				C4F0C7D624604B1F003E7B45 /* ViewController.swift */,
				C4F0C7F424604B7C003E7B45 /* User.swift */,
				C4F0C7F624604C60003E7B45 /* Request.swift */,
				C4F0C80824605B60003E7B45 /* NetworkEngine.swift */,
				C4F0C80A24605C40003E7B45 /* DataLoader.swift */,
				C4F0C7D824604B1F003E7B45 /* Main.storyboard */,
				C4F0C7DB24604B22003E7B45 /* Assets.xcassets */,
				C4F0C7DD24604B22003E7B45 /* LaunchScreen.storyboard */,
				C4F0C7E024604B22003E7B45 /* Info.plist */,
			);
			path = NetworkDemo;
			sourceTree = "<group>";
		};
		C4F0C7FD24604DC6003E7B45 /* NetworkDemoTests */ = {
			isa = PBXGroup;
			children = (
				C4F0C7FE24604DC6003E7B45 /* NetworkDemoTests.swift */,
				C4F0C80624604E62003E7B45 /* user:tango */,
				C4F0C80024604DC6003E7B45 /* Info.plist */,
			);
			path = NetworkDemoTests;
			sourceTree = "<group>";
		};
/* End PBXGroup section */

/* Begin PBXNativeTarget section */
		C4F0C7CE24604B1F003E7B45 /* NetworkDemo */ = {
			isa = PBXNativeTarget;
			buildConfigurationList = C4F0C7EE24604B23003E7B45 /* Build configuration list for PBXNativeTarget "NetworkDemo" */;
			buildPhases = (
				C4F0C7CB24604B1F003E7B45 /* Sources */,
				C4F0C7CC24604B1F003E7B45 /* Frameworks */,
				C4F0C7CD24604B1F003E7B45 /* Resources */,
			);
			buildRules = (
			);
			dependencies = (
			);
			name = NetworkDemo;
			productName = NetworkDemo;
			productReference = C4F0C7CF24604B1F003E7B45 /* NetworkDemo.app */;
			productType = "com.apple.product-type.application";
		};
		C4F0C7FB24604DC6003E7B45 /* NetworkDemoTests */ = {
			isa = PBXNativeTarget;
			buildConfigurationList = C4F0C80324604DC6003E7B45 /* Build configuration list for PBXNativeTarget "NetworkDemoTests" */;
			buildPhases = (
				C4F0C7F824604DC6003E7B45 /* Sources */,
				C4F0C7F924604DC6003E7B45 /* Frameworks */,
				C4F0C7FA24604DC6003E7B45 /* Resources */,
			);
			buildRules = (
			);
			dependencies = (
				C4F0C80224604DC6003E7B45 /* PBXTargetDependency */,
			);
			name = NetworkDemoTests;
			productName = NetworkDemoTests;
			productReference = C4F0C7FC24604DC6003E7B45 /* NetworkDemoTests.xctest */;
			productType = "com.apple.product-type.bundle.unit-test";
		};
/* End PBXNativeTarget section */

/* Begin PBXProject section */
		C4F0C7C724604B1F003E7B45 /* Project object */ = {
			isa = PBXProject;
			attributes = {
				LastSwiftUpdateCheck = 1140;
				LastUpgradeCheck = 1140;
				ORGANIZATIONNAME = tangorios;
				TargetAttributes = {
					C4F0C7CE24604B1F003E7B45 = {
						CreatedOnToolsVersion = 11.4;
					};
					C4F0C7FB24604DC6003E7B45 = {
						CreatedOnToolsVersion = 11.4;
						TestTargetID = C4F0C7CE24604B1F003E7B45;
					};
				};
			};
			buildConfigurationList = C4F0C7CA24604B1F003E7B45 /* Build configuration list for PBXProject "NetworkDemo" */;
			compatibilityVersion = "Xcode 9.3";
			developmentRegion = en;
			hasScannedForEncodings = 0;
			knownRegions = (
				en,
				Base,
			);
			mainGroup = C4F0C7C624604B1F003E7B45;
			productRefGroup = C4F0C7D024604B1F003E7B45 /* Products */;
			projectDirPath = "";
			projectRoot = "";
			targets = (
				C4F0C7CE24604B1F003E7B45 /* NetworkDemo */,
				C4F0C7FB24604DC6003E7B45 /* NetworkDemoTests */,
			);
		};
/* End PBXProject section */

/* Begin PBXResourcesBuildPhase section */
		C4F0C7CD24604B1F003E7B45 /* Resources */ = {
			isa = PBXResourcesBuildPhase;
			buildActionMask = 2147483647;
			files = (
				C4F0C7DF24604B22003E7B45 /* LaunchScreen.storyboard in Resources */,
				C4F0C7DC24604B22003E7B45 /* Assets.xcassets in Resources */,
				C4F0C7DA24604B1F003E7B45 /* Main.storyboard in Resources */,
			);
			runOnlyForDeploymentPostprocessing = 0;
		};
		C4F0C7FA24604DC6003E7B45 /* Resources */ = {
			isa = PBXResourcesBuildPhase;
			buildActionMask = 2147483647;
			files = (
				C4F0C80724604E62003E7B45 /* user:tango in Resources */,
			);
			runOnlyForDeploymentPostprocessing = 0;
		};
/* End PBXResourcesBuildPhase section */

/* Begin PBXSourcesBuildPhase section */
		C4F0C7CB24604B1F003E7B45 /* Sources */ = {
			isa = PBXSourcesBuildPhase;
			buildActionMask = 2147483647;
			files = (
				C4F0C7F524604B7C003E7B45 /* User.swift in Sources */,
				C4F0C7D724604B1F003E7B45 /* ViewController.swift in Sources */,
				C4F0C80B24605C40003E7B45 /* DataLoader.swift in Sources */,
				C4F0C80924605B60003E7B45 /* NetworkEngine.swift in Sources */,
				C4F0C7F724604C60003E7B45 /* Request.swift in Sources */,
				C4F0C7D324604B1F003E7B45 /* AppDelegate.swift in Sources */,
				C4F0C7D524604B1F003E7B45 /* SceneDelegate.swift in Sources */,
			);
			runOnlyForDeploymentPostprocessing = 0;
		};
		C4F0C7F824604DC6003E7B45 /* Sources */ = {
			isa = PBXSourcesBuildPhase;
			buildActionMask = 2147483647;
			files = (
				C4F0C7FF24604DC6003E7B45 /* NetworkDemoTests.swift in Sources */,
			);
			runOnlyForDeploymentPostprocessing = 0;
		};
/* End PBXSourcesBuildPhase section */

/* Begin PBXTargetDependency section */
		C4F0C80224604DC6003E7B45 /* PBXTargetDependency */ = {
			isa = PBXTargetDependency;
			target = C4F0C7CE24604B1F003E7B45 /* NetworkDemo */;
			targetProxy = C4F0C80124604DC6003E7B45 /* PBXContainerItemProxy */;
		};
/* End PBXTargetDependency section */

/* Begin PBXVariantGroup section */
		C4F0C7D824604B1F003E7B45 /* Main.storyboard */ = {
			isa = PBXVariantGroup;
			children = (
				C4F0C7D924604B1F003E7B45 /* Base */,
			);
			name = Main.storyboard;
			sourceTree = "<group>";
		};
		C4F0C7DD24604B22003E7B45 /* LaunchScreen.storyboard */ = {
			isa = PBXVariantGroup;
			children = (
				C4F0C7DE24604B22003E7B45 /* Base */,
			);
			name = LaunchScreen.storyboard;
			sourceTree = "<group>";
		};
/* End PBXVariantGroup section */

/* Begin XCBuildConfiguration section */
		C4F0C7EC24604B23003E7B45 /* Debug */ = {
			isa = XCBuildConfiguration;
			buildSettings = {
				ALWAYS_SEARCH_USER_PATHS = NO;
				CLANG_ANALYZER_NONNULL = YES;
				CLANG_ANALYZER_NUMBER_OBJECT_CONVERSION = YES_AGGRESSIVE;
				CLANG_CXX_LANGUAGE_STANDARD = "gnu++14";
				CLANG_CXX_LIBRARY = "libc++";
				CLANG_ENABLE_MODULES = YES;
				CLANG_ENABLE_OBJC_ARC = YES;
				CLANG_ENABLE_OBJC_WEAK = YES;
				CLANG_WARN_BLOCK_CAPTURE_AUTORELEASING = YES;
				CLANG_WARN_BOOL_CONVERSION = YES;
				CLANG_WARN_COMMA = YES;
				CLANG_WARN_CONSTANT_CONVERSION = YES;
				CLANG_WARN_DEPRECATED_OBJC_IMPLEMENTATIONS = YES;
				CLANG_WARN_DIRECT_OBJC_ISA_USAGE = YES_ERROR;
				CLANG_WARN_DOCUMENTATION_COMMENTS = YES;
				CLANG_WARN_EMPTY_BODY = YES;
				CLANG_WARN_ENUM_CONVERSION = YES;
				CLANG_WARN_INFINITE_RECURSION = YES;
				CLANG_WARN_INT_CONVERSION = YES;
				CLANG_WARN_NON_LITERAL_NULL_CONVERSION = YES;
				CLANG_WARN_OBJC_IMPLICIT_RETAIN_SELF = YES;
				CLANG_WARN_OBJC_LITERAL_CONVERSION = YES;
				CLANG_WARN_OBJC_ROOT_CLASS = YES_ERROR;
				CLANG_WARN_RANGE_LOOP_ANALYSIS = YES;
				CLANG_WARN_STRICT_PROTOTYPES = YES;
				CLANG_WARN_SUSPICIOUS_MOVE = YES;
				CLANG_WARN_UNGUARDED_AVAILABILITY = YES_AGGRESSIVE;
				CLANG_WARN_UNREACHABLE_CODE = YES;
				CLANG_WARN__DUPLICATE_METHOD_MATCH = YES;
				COPY_PHASE_STRIP = NO;
				DEBUG_INFORMATION_FORMAT = dwarf;
				ENABLE_STRICT_OBJC_MSGSEND = YES;
				ENABLE_TESTABILITY = YES;
				GCC_C_LANGUAGE_STANDARD = gnu11;
				GCC_DYNAMIC_NO_PIC = NO;
				GCC_NO_COMMON_BLOCKS = YES;
				GCC_OPTIMIZATION_LEVEL = 0;
				GCC_PREPROCESSOR_DEFINITIONS = (
					"DEBUG=1",
					"$(inherited)",
				);
				GCC_WARN_64_TO_32_BIT_CONVERSION = YES;
				GCC_WARN_ABOUT_RETURN_TYPE = YES_ERROR;
				GCC_WARN_UNDECLARED_SELECTOR = YES;
				GCC_WARN_UNINITIALIZED_AUTOS = YES_AGGRESSIVE;
				GCC_WARN_UNUSED_FUNCTION = YES;
				GCC_WARN_UNUSED_VARIABLE = YES;
				IPHONEOS_DEPLOYMENT_TARGET = 13.4;
				MTL_ENABLE_DEBUG_INFO = INCLUDE_SOURCE;
				MTL_FAST_MATH = YES;
				ONLY_ACTIVE_ARCH = YES;
				SDKROOT = iphoneos;
				SWIFT_ACTIVE_COMPILATION_CONDITIONS = DEBUG;
				SWIFT_OPTIMIZATION_LEVEL = "-Onone";
			};
			name = Debug;
		};
		C4F0C7ED24604B23003E7B45 /* Release */ = {
			isa = XCBuildConfiguration;
			buildSettings = {
				ALWAYS_SEARCH_USER_PATHS = NO;
				CLANG_ANALYZER_NONNULL = YES;
				CLANG_ANALYZER_NUMBER_OBJECT_CONVERSION = YES_AGGRESSIVE;
				CLANG_CXX_LANGUAGE_STANDARD = "gnu++14";
				CLANG_CXX_LIBRARY = "libc++";
				CLANG_ENABLE_MODULES = YES;
				CLANG_ENABLE_OBJC_ARC = YES;
				CLANG_ENABLE_OBJC_WEAK = YES;
				CLANG_WARN_BLOCK_CAPTURE_AUTORELEASING = YES;
				CLANG_WARN_BOOL_CONVERSION = YES;
				CLANG_WARN_COMMA = YES;
				CLANG_WARN_CONSTANT_CONVERSION = YES;
				CLANG_WARN_DEPRECATED_OBJC_IMPLEMENTATIONS = YES;
				CLANG_WARN_DIRECT_OBJC_ISA_USAGE = YES_ERROR;
				CLANG_WARN_DOCUMENTATION_COMMENTS = YES;
				CLANG_WARN_EMPTY_BODY = YES;
				CLANG_WARN_ENUM_CONVERSION = YES;
				CLANG_WARN_INFINITE_RECURSION = YES;
				CLANG_WARN_INT_CONVERSION = YES;
				CLANG_WARN_NON_LITERAL_NULL_CONVERSION = YES;
				CLANG_WARN_OBJC_IMPLICIT_RETAIN_SELF = YES;
				CLANG_WARN_OBJC_LITERAL_CONVERSION = YES;
				CLANG_WARN_OBJC_ROOT_CLASS = YES_ERROR;
				CLANG_WARN_RANGE_LOOP_ANALYSIS = YES;
				CLANG_WARN_STRICT_PROTOTYPES = YES;
				CLANG_WARN_SUSPICIOUS_MOVE = YES;
				CLANG_WARN_UNGUARDED_AVAILABILITY = YES_AGGRESSIVE;
				CLANG_WARN_UNREACHABLE_CODE = YES;
				CLANG_WARN__DUPLICATE_METHOD_MATCH = YES;
				COPY_PHASE_STRIP = NO;
				DEBUG_INFORMATION_FORMAT = "dwarf-with-dsym";
				ENABLE_NS_ASSERTIONS = NO;
				ENABLE_STRICT_OBJC_MSGSEND = YES;
				GCC_C_LANGUAGE_STANDARD = gnu11;
				GCC_NO_COMMON_BLOCKS = YES;
				GCC_WARN_64_TO_32_BIT_CONVERSION = YES;
				GCC_WARN_ABOUT_RETURN_TYPE = YES_ERROR;
				GCC_WARN_UNDECLARED_SELECTOR = YES;
				GCC_WARN_UNINITIALIZED_AUTOS = YES_AGGRESSIVE;
				GCC_WARN_UNUSED_FUNCTION = YES;
				GCC_WARN_UNUSED_VARIABLE = YES;
				IPHONEOS_DEPLOYMENT_TARGET = 13.4;
				MTL_ENABLE_DEBUG_INFO = NO;
				MTL_FAST_MATH = YES;
				SDKROOT = iphoneos;
				SWIFT_COMPILATION_MODE = wholemodule;
				SWIFT_OPTIMIZATION_LEVEL = "-O";
				VALIDATE_PRODUCT = YES;
			};
			name = Release;
		};
		C4F0C7EF24604B23003E7B45 /* Debug */ = {
			isa = XCBuildConfiguration;
			buildSettings = {
				ASSETCATALOG_COMPILER_APPICON_NAME = AppIcon;
				CODE_SIGN_STYLE = Automatic;
				DEVELOPMENT_TEAM = RCP5UR6YWS;
				INFOPLIST_FILE = NetworkDemo/Info.plist;
				LD_RUNPATH_SEARCH_PATHS = (
					"$(inherited)",
					"@executable_path/Frameworks",
				);
				PRODUCT_BUNDLE_IDENTIFIER = com.tangorios.NetworkDemo;
				PRODUCT_NAME = "$(TARGET_NAME)";
				SWIFT_VERSION = 5.0;
				TARGETED_DEVICE_FAMILY = "1,2";
			};
			name = Debug;
		};
		C4F0C7F024604B23003E7B45 /* Release */ = {
			isa = XCBuildConfiguration;
			buildSettings = {
				ASSETCATALOG_COMPILER_APPICON_NAME = AppIcon;
				CODE_SIGN_STYLE = Automatic;
				DEVELOPMENT_TEAM = RCP5UR6YWS;
				INFOPLIST_FILE = NetworkDemo/Info.plist;
				LD_RUNPATH_SEARCH_PATHS = (
					"$(inherited)",
					"@executable_path/Frameworks",
				);
				PRODUCT_BUNDLE_IDENTIFIER = com.tangorios.NetworkDemo;
				PRODUCT_NAME = "$(TARGET_NAME)";
				SWIFT_VERSION = 5.0;
				TARGETED_DEVICE_FAMILY = "1,2";
			};
			name = Release;
		};
		C4F0C80424604DC6003E7B45 /* Debug */ = {
			isa = XCBuildConfiguration;
			buildSettings = {
				BUNDLE_LOADER = "$(TEST_HOST)";
				CODE_SIGN_STYLE = Automatic;
				DEVELOPMENT_TEAM = RCP5UR6YWS;
				INFOPLIST_FILE = NetworkDemoTests/Info.plist;
				LD_RUNPATH_SEARCH_PATHS = (
					"$(inherited)",
					"@executable_path/Frameworks",
					"@loader_path/Frameworks",
				);
				PRODUCT_BUNDLE_IDENTIFIER = com.tangorios.NetworkDemoTests;
				PRODUCT_NAME = "$(TARGET_NAME)";
				SWIFT_VERSION = 5.0;
				TARGETED_DEVICE_FAMILY = "1,2";
				TEST_HOST = "$(BUILT_PRODUCTS_DIR)/NetworkDemo.app/NetworkDemo";
			};
			name = Debug;
		};
		C4F0C80524604DC6003E7B45 /* Release */ = {
			isa = XCBuildConfiguration;
			buildSettings = {
				BUNDLE_LOADER = "$(TEST_HOST)";
				CODE_SIGN_STYLE = Automatic;
				DEVELOPMENT_TEAM = RCP5UR6YWS;
				INFOPLIST_FILE = NetworkDemoTests/Info.plist;
				LD_RUNPATH_SEARCH_PATHS = (
					"$(inherited)",
					"@executable_path/Frameworks",
					"@loader_path/Frameworks",
				);
				PRODUCT_BUNDLE_IDENTIFIER = com.tangorios.NetworkDemoTests;
				PRODUCT_NAME = "$(TARGET_NAME)";
				SWIFT_VERSION = 5.0;
				TARGETED_DEVICE_FAMILY = "1,2";
				TEST_HOST = "$(BUILT_PRODUCTS_DIR)/NetworkDemo.app/NetworkDemo";
			};
			name = Release;
		};
/* End XCBuildConfiguration section */

/* Begin XCConfigurationList section */
		C4F0C7CA24604B1F003E7B45 /* Build configuration list for PBXProject "NetworkDemo" */ = {
			isa = XCConfigurationList;
			buildConfigurations = (
				C4F0C7EC24604B23003E7B45 /* Debug */,
				C4F0C7ED24604B23003E7B45 /* Release */,
			);
			defaultConfigurationIsVisible = 0;
			defaultConfigurationName = Release;
		};
		C4F0C7EE24604B23003E7B45 /* Build configuration list for PBXNativeTarget "NetworkDemo" */ = {
			isa = XCConfigurationList;
			buildConfigurations = (
				C4F0C7EF24604B23003E7B45 /* Debug */,
				C4F0C7F024604B23003E7B45 /* Release */,
			);
			defaultConfigurationIsVisible = 0;
			defaultConfigurationName = Release;
		};
		C4F0C80324604DC6003E7B45 /* Build configuration list for PBXNativeTarget "NetworkDemoTests" */ = {
			isa = XCConfigurationList;
			buildConfigurations = (
				C4F0C80424604DC6003E7B45 /* Debug */,
				C4F0C80524604DC6003E7B45 /* Release */,
			);
			defaultConfigurationIsVisible = 0;
			defaultConfigurationName = Release;
		};
/* End XCConfigurationList section */
	};
	rootObject = C4F0C7C724604B1F003E7B45 /* Project object */;
}
