// !$*UTF8*$!
{
	archiveVersion = 1;
	classes = {
	};
	objectVersion = 50;
	objects = {

/* Begin PBXBuildFile section */
		C4D8860E242CF15F00B4D71F /* AppDelegate.swift in Sources */ = {isa = PBXBuildFile; fileRef = C4D8860D242CF15F00B4D71F /* AppDelegate.swift */; };
		C4D88610242CF15F00B4D71F /* SceneDelegate.swift in Sources */ = {isa = PBXBuildFile; fileRef = C4D8860F242CF15F00B4D71F /* SceneDelegate.swift */; };
		C4D88612242CF15F00B4D71F /* ViewController.swift in Sources */ = {isa = PBXBuildFile; fileRef = C4D88611242CF15F00B4D71F /* ViewController.swift */; };
		C4D88615242CF15F00B4D71F /* Main.storyboard in Resources */ = {isa = PBXBuildFile; fileRef = C4D88613242CF15F00B4D71F /* Main.storyboard */; };
		C4D88617242CF16400B4D71F /* Assets.xcassets in Resources */ = {isa = PBXBuildFile; fileRef = C4D88616242CF16400B4D71F /* Assets.xcassets */; };
		C4D8861A242CF16400B4D71F /* LaunchScreen.storyboard in Resources */ = {isa = PBXBuildFile; fileRef = C4D88618242CF16400B4D71F /* LaunchScreen.storyboard */; };
		C4D88622242CF1AE00B4D71F /* LoggerProfile.swift in Sources */ = {isa = PBXBuildFile; fileRef = C4D88621242CF1AE00B4D71F /* LoggerProfile.swift */; };
		C4D88624242CF30100B4D71F /* LoggerNull.swift in Sources */ = {isa = PBXBuildFile; fileRef = C4D88623242CF30100B4D71F /* LoggerNull.swift */; };
		C4D88626242CF30C00B4D71F /* LoggerConsole.swift in Sources */ = {isa = PBXBuildFile; fileRef = C4D88625242CF30C00B4D71F /* LoggerConsole.swift */; };
		C4D88628242CF35600B4D71F /* Logger.swift in Sources */ = {isa = PBXBuildFile; fileRef = C4D88627242CF35600B4D71F /* Logger.swift */; };
		C4D8862B242CFB3600B4D71F /* MyLogger.swift in Sources */ = {isa = PBXBuildFile; fileRef = C4D8862A242CFB3600B4D71F /* MyLogger.swift */; };
/* End PBXBuildFile section */

/* Begin PBXFileReference section */
		C4D8860A242CF15F00B4D71F /* LoggerService.app */ = {isa = PBXFileReference; explicitFileType = wrapper.application; includeInIndex = 0; path = LoggerService.app; sourceTree = BUILT_PRODUCTS_DIR; };
		C4D8860D242CF15F00B4D71F /* AppDelegate.swift */ = {isa = PBXFileReference; lastKnownFileType = sourcecode.swift; path = AppDelegate.swift; sourceTree = "<group>"; };
		C4D8860F242CF15F00B4D71F /* SceneDelegate.swift */ = {isa = PBXFileReference; lastKnownFileType = sourcecode.swift; path = SceneDelegate.swift; sourceTree = "<group>"; };
		C4D88611242CF15F00B4D71F /* ViewController.swift */ = {isa = PBXFileReference; lastKnownFileType = sourcecode.swift; path = ViewController.swift; sourceTree = "<group>"; };
		C4D88614242CF15F00B4D71F /* Base */ = {isa = PBXFileReference; lastKnownFileType = file.storyboard; name = Base; path = Base.lproj/Main.storyboard; sourceTree = "<group>"; };
		C4D88616242CF16400B4D71F /* Assets.xcassets */ = {isa = PBXFileReference; lastKnownFileType = folder.assetcatalog; path = Assets.xcassets; sourceTree = "<group>"; };
		C4D88619242CF16400B4D71F /* Base */ = {isa = PBXFileReference; lastKnownFileType = file.storyboard; name = Base; path = Base.lproj/LaunchScreen.storyboard; sourceTree = "<group>"; };
		C4D8861B242CF16400B4D71F /* Info.plist */ = {isa = PBXFileReference; lastKnownFileType = text.plist.xml; path = Info.plist; sourceTree = "<group>"; };
		C4D88621242CF1AE00B4D71F /* LoggerProfile.swift */ = {isa = PBXFileReference; lastKnownFileType = sourcecode.swift; name = LoggerProfile.swift; path = ../LoggerProfile.swift; sourceTree = "<group>"; };
		C4D88623242CF30100B4D71F /* LoggerNull.swift */ = {isa = PBXFileReference; lastKnownFileType = sourcecode.swift; name = LoggerNull.swift; path = ../LoggerNull.swift; sourceTree = "<group>"; };
		C4D88625242CF30C00B4D71F /* LoggerConsole.swift */ = {isa = PBXFileReference; lastKnownFileType = sourcecode.swift; name = LoggerConsole.swift; path = ../LoggerConsole.swift; sourceTree = "<group>"; };
		C4D88627242CF35600B4D71F /* Logger.swift */ = {isa = PBXFileReference; lastKnownFileType = sourcecode.swift; name = Logger.swift; path = ../Logger.swift; sourceTree = "<group>"; };
		C4D8862A242CFB3600B4D71F /* MyLogger.swift */ = {isa = PBXFileReference; lastKnownFileType = sourcecode.swift; path = MyLogger.swift; sourceTree = "<group>"; };
/* End PBXFileReference section */

/* Begin PBXFrameworksBuildPhase section */
		C4D88607242CF15F00B4D71F /* Frameworks */ = {
			isa = PBXFrameworksBuildPhase;
			buildActionMask = 2147483647;
			files = (
			);
			runOnlyForDeploymentPostprocessing = 0;
		};
/* End PBXFrameworksBuildPhase section */

/* Begin PBXGroup section */
		C4D88601242CF15F00B4D71F = {
			isa = PBXGroup;
			children = (
				C4D8860C242CF15F00B4D71F /* LoggerService */,
				C4D8860B242CF15F00B4D71F /* Products */,
			);
			sourceTree = "<group>";
		};
		C4D8860B242CF15F00B4D71F /* Products */ = {
			isa = PBXGroup;
			children = (
				C4D8860A242CF15F00B4D71F /* LoggerService.app */,
			);
			name = Products;
			sourceTree = "<group>";
		};
		C4D8860C242CF15F00B4D71F /* LoggerService */ = {
			isa = PBXGroup;
			children = (
				C4D8860D242CF15F00B4D71F /* AppDelegate.swift */,
				C4D8860F242CF15F00B4D71F /* SceneDelegate.swift */,
				C4D88611242CF15F00B4D71F /* ViewController.swift */,
				C4D8862C242CFDB500B4D71F /* Logger */,
				C4D8862A242CFB3600B4D71F /* MyLogger.swift */,
				C4D88613242CF15F00B4D71F /* Main.storyboard */,
				C4D88616242CF16400B4D71F /* Assets.xcassets */,
				C4D88618242CF16400B4D71F /* LaunchScreen.storyboard */,
				C4D8861B242CF16400B4D71F /* Info.plist */,
			);
			path = LoggerService;
			sourceTree = "<group>";
		};
		C4D8862C242CFDB500B4D71F /* Logger */ = {
			isa = PBXGroup;
			children = (
				C4D88621242CF1AE00B4D71F /* LoggerProfile.swift */,
				C4D88623242CF30100B4D71F /* LoggerNull.swift */,
				C4D88625242CF30C00B4D71F /* LoggerConsole.swift */,
				C4D88627242CF35600B4D71F /* Logger.swift */,
			);
			path = Logger;
			sourceTree = "<group>";
		};
/* End PBXGroup section */

/* Begin PBXNativeTarget section */
		C4D88609242CF15F00B4D71F /* LoggerService */ = {
			isa = PBXNativeTarget;
			buildConfigurationList = C4D8861E242CF16400B4D71F /* Build configuration list for PBXNativeTarget "LoggerService" */;
			buildPhases = (
				C4D88606242CF15F00B4D71F /* Sources */,
				C4D88607242CF15F00B4D71F /* Frameworks */,
				C4D88608242CF15F00B4D71F /* Resources */,
				C4D88629242CF4E600B4D71F /* ShellScript */,
			);
			buildRules = (
			);
			dependencies = (
			);
			name = LoggerService;
			productName = LoggerService;
			productReference = C4D8860A242CF15F00B4D71F /* LoggerService.app */;
			productType = "com.apple.product-type.application";
		};
/* End PBXNativeTarget section */

/* Begin PBXProject section */
		C4D88602242CF15F00B4D71F /* Project object */ = {
			isa = PBXProject;
			attributes = {
				LastSwiftUpdateCheck = 1130;
				LastUpgradeCheck = 1130;
				ORGANIZATIONNAME = tangorios;
				TargetAttributes = {
					C4D88609242CF15F00B4D71F = {
						CreatedOnToolsVersion = 11.3.1;
					};
				};
			};
			buildConfigurationList = C4D88605242CF15F00B4D71F /* Build configuration list for PBXProject "LoggerService" */;
			compatibilityVersion = "Xcode 9.3";
			developmentRegion = en;
			hasScannedForEncodings = 0;
			knownRegions = (
				en,
				Base,
			);
			mainGroup = C4D88601242CF15F00B4D71F;
			productRefGroup = C4D8860B242CF15F00B4D71F /* Products */;
			projectDirPath = "";
			projectRoot = "";
			targets = (
				C4D88609242CF15F00B4D71F /* LoggerService */,
			);
		};
/* End PBXProject section */

/* Begin PBXResourcesBuildPhase section */
		C4D88608242CF15F00B4D71F /* Resources */ = {
			isa = PBXResourcesBuildPhase;
			buildActionMask = 2147483647;
			files = (
				C4D8861A242CF16400B4D71F /* LaunchScreen.storyboard in Resources */,
				C4D88617242CF16400B4D71F /* Assets.xcassets in Resources */,
				C4D88615242CF15F00B4D71F /* Main.storyboard in Resources */,
			);
			runOnlyForDeploymentPostprocessing = 0;
		};
/* End PBXResourcesBuildPhase section */

/* Begin PBXShellScriptBuildPhase section */
		C4D88629242CF4E600B4D71F /* ShellScript */ = {
			isa = PBXShellScriptBuildPhase;
			buildActionMask = 2147483647;
			files = (
			);
			inputFileListPaths = (
			);
			inputPaths = (
			);
			outputFileListPaths = (
			);
			outputPaths = (
			);
			runOnlyForDeploymentPostprocessing = 0;
			shellPath = /bin/sh;
			shellScript = "# Type a script or drag a script file from your workspace to insert its path.\nif which swiftlint >/dev/null; then\n  swiftlint\nelse\n  echo \"warning: SwiftLint not installed, download from https://github.com/realm/SwiftLint\"\nfi\n";
		};
/* End PBXShellScriptBuildPhase section */

/* Begin PBXSourcesBuildPhase section */
		C4D88606242CF15F00B4D71F /* Sources */ = {
			isa = PBXSourcesBuildPhase;
			buildActionMask = 2147483647;
			files = (
				C4D88612242CF15F00B4D71F /* ViewController.swift in Sources */,
				C4D88624242CF30100B4D71F /* LoggerNull.swift in Sources */,
				C4D8860E242CF15F00B4D71F /* AppDelegate.swift in Sources */,
				C4D88610242CF15F00B4D71F /* SceneDelegate.swift in Sources */,
				C4D88628242CF35600B4D71F /* Logger.swift in Sources */,
				C4D88622242CF1AE00B4D71F /* LoggerProfile.swift in Sources */,
				C4D88626242CF30C00B4D71F /* LoggerConsole.swift in Sources */,
				C4D8862B242CFB3600B4D71F /* MyLogger.swift in Sources */,
			);
			runOnlyForDeploymentPostprocessing = 0;
		};
/* End PBXSourcesBuildPhase section */

/* Begin PBXVariantGroup section */
		C4D88613242CF15F00B4D71F /* Main.storyboard */ = {
			isa = PBXVariantGroup;
			children = (
				C4D88614242CF15F00B4D71F /* Base */,
			);
			name = Main.storyboard;
			sourceTree = "<group>";
		};
		C4D88618242CF16400B4D71F /* LaunchScreen.storyboard */ = {
			isa = PBXVariantGroup;
			children = (
				C4D88619242CF16400B4D71F /* Base */,
			);
			name = LaunchScreen.storyboard;
			sourceTree = "<group>";
		};
/* End PBXVariantGroup section */

/* Begin XCBuildConfiguration section */
		C4D8861C242CF16400B4D71F /* Debug */ = {
			isa = XCBuildConfiguration;
			buildSettings = {
				ALWAYS_SEARCH_USER_PATHS = NO;
				CLANG_ANALYZER_NONNULL = YES;
				CLANG_ANALYZER_NUMBER_OBJECT_CONVERSION = YES_AGGRESSIVE;
				CLANG_CXX_LANGUAGE_STANDARD = "gnu++14";
				CLANG_CXX_LIBRARY = "libc++";
				CLANG_ENABLE_MODULES = YES;
				CLANG_ENABLE_OBJC_ARC = YES;
				CLANG_ENABLE_OBJC_WEAK = YES;
				CLANG_WARN_BLOCK_CAPTURE_AUTORELEASING = YES;
				CLANG_WARN_BOOL_CONVERSION = YES;
				CLANG_WARN_COMMA = YES;
				CLANG_WARN_CONSTANT_CONVERSION = YES;
				CLANG_WARN_DEPRECATED_OBJC_IMPLEMENTATIONS = YES;
				CLANG_WARN_DIRECT_OBJC_ISA_USAGE = YES_ERROR;
				CLANG_WARN_DOCUMENTATION_COMMENTS = YES;
				CLANG_WARN_EMPTY_BODY = YES;
				CLANG_WARN_ENUM_CONVERSION = YES;
				CLANG_WARN_INFINITE_RECURSION = YES;
				CLANG_WARN_INT_CONVERSION = YES;
				CLANG_WARN_NON_LITERAL_NULL_CONVERSION = YES;
				CLANG_WARN_OBJC_IMPLICIT_RETAIN_SELF = YES;
				CLANG_WARN_OBJC_LITERAL_CONVERSION = YES;
				CLANG_WARN_OBJC_ROOT_CLASS = YES_ERROR;
				CLANG_WARN_RANGE_LOOP_ANALYSIS = YES;
				CLANG_WARN_STRICT_PROTOTYPES = YES;
				CLANG_WARN_SUSPICIOUS_MOVE = YES;
				CLANG_WARN_UNGUARDED_AVAILABILITY = YES_AGGRESSIVE;
				CLANG_WARN_UNREACHABLE_CODE = YES;
				CLANG_WARN__DUPLICATE_METHOD_MATCH = YES;
				COPY_PHASE_STRIP = NO;
				DEBUG_INFORMATION_FORMAT = dwarf;
				ENABLE_STRICT_OBJC_MSGSEND = YES;
				ENABLE_TESTABILITY = YES;
				GCC_C_LANGUAGE_STANDARD = gnu11;
				GCC_DYNAMIC_NO_PIC = NO;
				GCC_NO_COMMON_BLOCKS = YES;
				GCC_OPTIMIZATION_LEVEL = 0;
				GCC_PREPROCESSOR_DEFINITIONS = (
					"DEBUG=1",
					"$(inherited)",
				);
				GCC_WARN_64_TO_32_BIT_CONVERSION = YES;
				GCC_WARN_ABOUT_RETURN_TYPE = YES_ERROR;
				GCC_WARN_UNDECLARED_SELECTOR = YES;
				GCC_WARN_UNINITIALIZED_AUTOS = YES_AGGRESSIVE;
				GCC_WARN_UNUSED_FUNCTION = YES;
				GCC_WARN_UNUSED_VARIABLE = YES;
				IPHONEOS_DEPLOYMENT_TARGET = 13.2;
				MTL_ENABLE_DEBUG_INFO = INCLUDE_SOURCE;
				MTL_FAST_MATH = YES;
				ONLY_ACTIVE_ARCH = YES;
				SDKROOT = iphoneos;
				SWIFT_ACTIVE_COMPILATION_CONDITIONS = DEBUG;
				SWIFT_OPTIMIZATION_LEVEL = "-Onone";
			};
			name = Debug;
		};
		C4D8861D242CF16400B4D71F /* Release */ = {
			isa = XCBuildConfiguration;
			buildSettings = {
				ALWAYS_SEARCH_USER_PATHS = NO;
				CLANG_ANALYZER_NONNULL = YES;
				CLANG_ANALYZER_NUMBER_OBJECT_CONVERSION = YES_AGGRESSIVE;
				CLANG_CXX_LANGUAGE_STANDARD = "gnu++14";
				CLANG_CXX_LIBRARY = "libc++";
				CLANG_ENABLE_MODULES = YES;
				CLANG_ENABLE_OBJC_ARC = YES;
				CLANG_ENABLE_OBJC_WEAK = YES;
				CLANG_WARN_BLOCK_CAPTURE_AUTORELEASING = YES;
				CLANG_WARN_BOOL_CONVERSION = YES;
				CLANG_WARN_COMMA = YES;
				CLANG_WARN_CONSTANT_CONVERSION = YES;
				CLANG_WARN_DEPRECATED_OBJC_IMPLEMENTATIONS = YES;
				CLANG_WARN_DIRECT_OBJC_ISA_USAGE = YES_ERROR;
				CLANG_WARN_DOCUMENTATION_COMMENTS = YES;
				CLANG_WARN_EMPTY_BODY = YES;
				CLANG_WARN_ENUM_CONVERSION = YES;
				CLANG_WARN_INFINITE_RECURSION = YES;
				CLANG_WARN_INT_CONVERSION = YES;
				CLANG_WARN_NON_LITERAL_NULL_CONVERSION = YES;
				CLANG_WARN_OBJC_IMPLICIT_RETAIN_SELF = YES;
				CLANG_WARN_OBJC_LITERAL_CONVERSION = YES;
				CLANG_WARN_OBJC_ROOT_CLASS = YES_ERROR;
				CLANG_WARN_RANGE_LOOP_ANALYSIS = YES;
				CLANG_WARN_STRICT_PROTOTYPES = YES;
				CLANG_WARN_SUSPICIOUS_MOVE = YES;
				CLANG_WARN_UNGUARDED_AVAILABILITY = YES_AGGRESSIVE;
				CLANG_WARN_UNREACHABLE_CODE = YES;
				CLANG_WARN__DUPLICATE_METHOD_MATCH = YES;
				COPY_PHASE_STRIP = NO;
				DEBUG_INFORMATION_FORMAT = "dwarf-with-dsym";
				ENABLE_NS_ASSERTIONS = NO;
				ENABLE_STRICT_OBJC_MSGSEND = YES;
				GCC_C_LANGUAGE_STANDARD = gnu11;
				GCC_NO_COMMON_BLOCKS = YES;
				GCC_WARN_64_TO_32_BIT_CONVERSION = YES;
				GCC_WARN_ABOUT_RETURN_TYPE = YES_ERROR;
				GCC_WARN_UNDECLARED_SELECTOR = YES;
				GCC_WARN_UNINITIALIZED_AUTOS = YES_AGGRESSIVE;
				GCC_WARN_UNUSED_FUNCTION = YES;
				GCC_WARN_UNUSED_VARIABLE = YES;
				IPHONEOS_DEPLOYMENT_TARGET = 13.2;
				MTL_ENABLE_DEBUG_INFO = NO;
				MTL_FAST_MATH = YES;
				SDKROOT = iphoneos;
				SWIFT_COMPILATION_MODE = wholemodule;
				SWIFT_OPTIMIZATION_LEVEL = "-O";
				VALIDATE_PRODUCT = YES;
			};
			name = Release;
		};
		C4D8861F242CF16400B4D71F /* Debug */ = {
			isa = XCBuildConfiguration;
			buildSettings = {
				ASSETCATALOG_COMPILER_APPICON_NAME = AppIcon;
				CODE_SIGN_STYLE = Automatic;
				DEVELOPMENT_TEAM = UBF8T346G9;
				INFOPLIST_FILE = LoggerService/Info.plist;
				LD_RUNPATH_SEARCH_PATHS = (
					"$(inherited)",
					"@executable_path/Frameworks",
				);
				PRODUCT_BUNDLE_IDENTIFIER = com.tangorios.LoggerService;
				PRODUCT_NAME = "$(TARGET_NAME)";
				SWIFT_VERSION = 5.0;
				TARGETED_DEVICE_FAMILY = "1,2";
			};
			name = Debug;
		};
		C4D88620242CF16400B4D71F /* Release */ = {
			isa = XCBuildConfiguration;
			buildSettings = {
				ASSETCATALOG_COMPILER_APPICON_NAME = AppIcon;
				CODE_SIGN_STYLE = Automatic;
				DEVELOPMENT_TEAM = UBF8T346G9;
				INFOPLIST_FILE = LoggerService/Info.plist;
				LD_RUNPATH_SEARCH_PATHS = (
					"$(inherited)",
					"@executable_path/Frameworks",
				);
				PRODUCT_BUNDLE_IDENTIFIER = com.tangorios.LoggerService;
				PRODUCT_NAME = "$(TARGET_NAME)";
				SWIFT_VERSION = 5.0;
				TARGETED_DEVICE_FAMILY = "1,2";
			};
			name = Release;
		};
/* End XCBuildConfiguration section */

/* Begin XCConfigurationList section */
		C4D88605242CF15F00B4D71F /* Build configuration list for PBXProject "LoggerService" */ = {
			isa = XCConfigurationList;
			buildConfigurations = (
				C4D8861C242CF16400B4D71F /* Debug */,
				C4D8861D242CF16400B4D71F /* Release */,
			);
			defaultConfigurationIsVisible = 0;
			defaultConfigurationName = Release;
		};
		C4D8861E242CF16400B4D71F /* Build configuration list for PBXNativeTarget "LoggerService" */ = {
			isa = XCConfigurationList;
			buildConfigurations = (
				C4D8861F242CF16400B4D71F /* Debug */,
				C4D88620242CF16400B4D71F /* Release */,
			);
			defaultConfigurationIsVisible = 0;
			defaultConfigurationName = Release;
		};
/* End XCConfigurationList section */
	};
	rootObject = C4D88602242CF15F00B4D71F /* Project object */;
}
